
Microsoft Visual Studio Solution File, Format Version 12.00
# Visual Studio Version 17
VisualStudioVersion = 17.14.36518.9 d17.14
MinimumVisualStudioVersion = 10.0.40219.1
Project("{FAE04EC0-301F-11D3-BF4B-00C04F79EFBC}") = "Course.Pl", "Course\Course.Pl.csproj", "{FC9415D1-F00E-4AD4-B5A2-5D22F7C35783}"
EndProject
Project("{FAE04EC0-301F-11D3-BF4B-00C04F79EFBC}") = "Course.Bll", "Course.Bll\Course.Bll.csproj", "{CBFFFE90-120B-437E-BB6B-B08A48F000C2}"
EndProject
Project("{FAE04EC0-301F-11D3-BF4B-00C04F79EFBC}") = "Course.DAL", "Course.DAL\Course.DAL.csproj", "{51254A0B-D010-422B-9CF8-064DC43ED299}"
EndProject
Global
	GlobalSection(SolutionConfigurationPlatforms) = preSolution
		Debug|Any CPU = Debug|Any CPU
		Release|Any CPU = Release|Any CPU
	EndGlobalSection
	GlobalSection(ProjectConfigurationPlatforms) = postSolution
		{FC9415D1-F00E-4AD4-B5A2-5D22F7C35783}.Debug|Any CPU.ActiveCfg = Debug|Any CPU
		{FC9415D1-F00E-4AD4-B5A2-5D22F7C35783}.Debug|Any CPU.Build.0 = Debug|Any CPU
		{FC9415D1-F00E-4AD4-B5A2-5D22F7C35783}.Release|Any CPU.ActiveCfg = Release|Any CPU
		{FC9415D1-F00E-4AD4-B5A2-5D22F7C35783}.Release|Any CPU.Build.0 = Release|Any CPU
		{CBFFFE90-120B-437E-BB6B-B08A48F000C2}.Debug|Any CPU.ActiveCfg = Debug|Any CPU
		{CBFFFE90-120B-437E-BB6B-B08A48F000C2}.Debug|Any CPU.Build.0 = Debug|Any CPU
		{CBFFFE90-120B-437E-BB6B-B08A48F000C2}.Release|Any CPU.ActiveCfg = Release|Any CPU
		{CBFFFE90-120B-437E-BB6B-B08A48F000C2}.Release|Any CPU.Build.0 = Release|Any CPU
		{51254A0B-D010-422B-9CF8-064DC43ED299}.Debug|Any CPU.ActiveCfg = Debug|Any CPU
		{51254A0B-D010-422B-9CF8-064DC43ED299}.Debug|Any CPU.Build.0 = Debug|Any CPU
		{51254A0B-D010-422B-9CF8-064DC43ED299}.Release|Any CPU.ActiveCfg = Release|Any CPU
		{51254A0B-D010-422B-9CF8-064DC43ED299}.Release|Any CPU.Build.0 = Release|Any CPU
	EndGlobalSection
	GlobalSection(SolutionProperties) = preSolution
		HideSolutionNode = FALSE
	EndGlobalSection
	GlobalSection(ExtensibilityGlobals) = postSolution
		SolutionGuid = {EBC8D5D6-307B-4478-ABEF-4C5E14E9F9B5}
	EndGlobalSection
EndGlobal
